
Microsoft Visual Studio Solution File, Format Version 12.00
# Visual Studio 14
VisualStudioVersion = 14.0.25420.1
MinimumVisualStudioVersion = 10.0.40219.1
Project("{FAE04EC0-301F-11D3-BF4B-00C04F79EFBC}") = "ChatApp", "ChatApp\ChatApp.csproj", "{57A904CD-7D88-475A-B1DF-05435102CAE0}"
EndProject
Project("{2150E333-8FDC-42A3-9474-1A3956D46DE8}") = "RaspberrySharp", "RaspberrySharp", "{132EBDED-B5E7-4447-9B65-7F6084819D4C}"
EndProject
Project("{FAE04EC0-301F-11D3-BF4B-00C04F79EFBC}") = "Raspberry.IO", "raspberry-sharp-io\Raspberry.IO\Raspberry.IO.csproj", "{ACE64F17-87E5-43E7-97A0-BDDE19059C61}"
EndProject
Project("{FAE04EC0-301F-11D3-BF4B-00C04F79EFBC}") = "Raspberry.IO.Components", "raspberry-sharp-io\Raspberry.IO.Components\Raspberry.IO.Components.csproj", "{8388CFCA-E3DB-43F7-B049-2CB195211CE8}"
EndProject
Project("{FAE04EC0-301F-11D3-BF4B-00C04F79EFBC}") = "Raspberry.IO.GeneralPurpose", "raspberry-sharp-io\Raspberry.IO.GeneralPurpose\Raspberry.IO.GeneralPurpose.csproj", "{281C71ED-C36D-408E-8BAA-75C381DC17E7}"
EndProject
Project("{FAE04EC0-301F-11D3-BF4B-00C04F79EFBC}") = "Raspberry.IO.Interop", "raspberry-sharp-io\Raspberry.IO.Interop\Raspberry.IO.Interop.csproj", "{689CB6C4-3D23-45DA-8E00-87C28AEA32D0}"
EndProject
Project("{FAE04EC0-301F-11D3-BF4B-00C04F79EFBC}") = "Raspberry.IO.SerialPeripheralInterface", "raspberry-sharp-io\Raspberry.IO.SerialPeripheralInterface\Raspberry.IO.SerialPeripheralInterface.csproj", "{326342E5-0411-40E8-9F2D-563D6B192568}"
EndProject
Project("{FAE04EC0-301F-11D3-BF4B-00C04F79EFBC}") = "Raspberry.IO.InterIntegratedCircuit", "raspberry-sharp-io\Raspberry.IO.InterIntegratedCircuit\Raspberry.IO.InterIntegratedCircuit.csproj", "{63B8403E-BC56-43F9-A045-F61ECC3871F3}"
EndProject
Project("{FAE04EC0-301F-11D3-BF4B-00C04F79EFBC}") = "RFMLib", "RFMLib\RFMLib.csproj", "{6CBDB659-8698-45F6-9679-B18B846C8502}"
EndProject
Project("{2150E333-8FDC-42A3-9474-1A3956D46DE8}") = "Framework", "Framework", "{C948D199-9EA4-460D-8849-D007188B810C}"
EndProject
Project("{2150E333-8FDC-42A3-9474-1A3956D46DE8}") = "UI", "UI", "{1AF6C113-F66F-4CAE-8D82-04BC69E1D94B}"
EndProject
Project("{FAE04EC0-301F-11D3-BF4B-00C04F79EFBC}") = "SimpleTransmitter", "SimpleTransmitter\SimpleTransmitter.csproj", "{9AE9E3EC-FE80-424E-8243-59ECE29E8FF5}"
EndProject
Project("{FAE04EC0-301F-11D3-BF4B-00C04F79EFBC}") = "SimpleReciever", "SimpleReciever\SimpleReciever.csproj", "{D1676E4A-16FE-46DF-A20C-704130A4A52C}"
EndProject
Global
	GlobalSection(SolutionConfigurationPlatforms) = preSolution
		Debug|Any CPU = Debug|Any CPU
		Release|Any CPU = Release|Any CPU
	EndGlobalSection
	GlobalSection(ProjectConfigurationPlatforms) = postSolution
		{57A904CD-7D88-475A-B1DF-05435102CAE0}.Debug|Any CPU.ActiveCfg = Debug|Any CPU
		{57A904CD-7D88-475A-B1DF-05435102CAE0}.Debug|Any CPU.Build.0 = Debug|Any CPU
		{57A904CD-7D88-475A-B1DF-05435102CAE0}.Release|Any CPU.ActiveCfg = Release|Any CPU
		{57A904CD-7D88-475A-B1DF-05435102CAE0}.Release|Any CPU.Build.0 = Release|Any CPU
		{ACE64F17-87E5-43E7-97A0-BDDE19059C61}.Debug|Any CPU.ActiveCfg = Debug|Any CPU
		{ACE64F17-87E5-43E7-97A0-BDDE19059C61}.Debug|Any CPU.Build.0 = Debug|Any CPU
		{ACE64F17-87E5-43E7-97A0-BDDE19059C61}.Release|Any CPU.ActiveCfg = Release|Any CPU
		{ACE64F17-87E5-43E7-97A0-BDDE19059C61}.Release|Any CPU.Build.0 = Release|Any CPU
		{8388CFCA-E3DB-43F7-B049-2CB195211CE8}.Debug|Any CPU.ActiveCfg = Debug|Any CPU
		{8388CFCA-E3DB-43F7-B049-2CB195211CE8}.Debug|Any CPU.Build.0 = Debug|Any CPU
		{8388CFCA-E3DB-43F7-B049-2CB195211CE8}.Release|Any CPU.ActiveCfg = Release|Any CPU
		{8388CFCA-E3DB-43F7-B049-2CB195211CE8}.Release|Any CPU.Build.0 = Release|Any CPU
		{281C71ED-C36D-408E-8BAA-75C381DC17E7}.Debug|Any CPU.ActiveCfg = Debug|Any CPU
		{281C71ED-C36D-408E-8BAA-75C381DC17E7}.Debug|Any CPU.Build.0 = Debug|Any CPU
		{281C71ED-C36D-408E-8BAA-75C381DC17E7}.Release|Any CPU.ActiveCfg = Release|Any CPU
		{281C71ED-C36D-408E-8BAA-75C381DC17E7}.Release|Any CPU.Build.0 = Release|Any CPU
		{689CB6C4-3D23-45DA-8E00-87C28AEA32D0}.Debug|Any CPU.ActiveCfg = Debug|Any CPU
		{689CB6C4-3D23-45DA-8E00-87C28AEA32D0}.Debug|Any CPU.Build.0 = Debug|Any CPU
		{689CB6C4-3D23-45DA-8E00-87C28AEA32D0}.Release|Any CPU.ActiveCfg = Release|Any CPU
		{689CB6C4-3D23-45DA-8E00-87C28AEA32D0}.Release|Any CPU.Build.0 = Release|Any CPU
		{326342E5-0411-40E8-9F2D-563D6B192568}.Debug|Any CPU.ActiveCfg = Debug|Any CPU
		{326342E5-0411-40E8-9F2D-563D6B192568}.Debug|Any CPU.Build.0 = Debug|Any CPU
		{326342E5-0411-40E8-9F2D-563D6B192568}.Release|Any CPU.ActiveCfg = Release|Any CPU
		{326342E5-0411-40E8-9F2D-563D6B192568}.Release|Any CPU.Build.0 = Release|Any CPU
		{63B8403E-BC56-43F9-A045-F61ECC3871F3}.Debug|Any CPU.ActiveCfg = Debug|Any CPU
		{63B8403E-BC56-43F9-A045-F61ECC3871F3}.Debug|Any CPU.Build.0 = Debug|Any CPU
		{63B8403E-BC56-43F9-A045-F61ECC3871F3}.Release|Any CPU.ActiveCfg = Release|Any CPU
		{63B8403E-BC56-43F9-A045-F61ECC3871F3}.Release|Any CPU.Build.0 = Release|Any CPU
		{6CBDB659-8698-45F6-9679-B18B846C8502}.Debug|Any CPU.ActiveCfg = Debug|Any CPU
		{6CBDB659-8698-45F6-9679-B18B846C8502}.Debug|Any CPU.Build.0 = Debug|Any CPU
		{6CBDB659-8698-45F6-9679-B18B846C8502}.Release|Any CPU.ActiveCfg = Release|Any CPU
		{6CBDB659-8698-45F6-9679-B18B846C8502}.Release|Any CPU.Build.0 = Release|Any CPU
		{9AE9E3EC-FE80-424E-8243-59ECE29E8FF5}.Debug|Any CPU.ActiveCfg = Debug|Any CPU
		{9AE9E3EC-FE80-424E-8243-59ECE29E8FF5}.Debug|Any CPU.Build.0 = Debug|Any CPU
		{9AE9E3EC-FE80-424E-8243-59ECE29E8FF5}.Release|Any CPU.ActiveCfg = Release|Any CPU
		{9AE9E3EC-FE80-424E-8243-59ECE29E8FF5}.Release|Any CPU.Build.0 = Release|Any CPU
		{D1676E4A-16FE-46DF-A20C-704130A4A52C}.Debug|Any CPU.ActiveCfg = Debug|Any CPU
		{D1676E4A-16FE-46DF-A20C-704130A4A52C}.Debug|Any CPU.Build.0 = Debug|Any CPU
		{D1676E4A-16FE-46DF-A20C-704130A4A52C}.Release|Any CPU.ActiveCfg = Release|Any CPU
		{D1676E4A-16FE-46DF-A20C-704130A4A52C}.Release|Any CPU.Build.0 = Release|Any CPU
	EndGlobalSection
	GlobalSection(SolutionProperties) = preSolution
		HideSolutionNode = FALSE
	EndGlobalSection
	GlobalSection(NestedProjects) = preSolution
		{57A904CD-7D88-475A-B1DF-05435102CAE0} = {1AF6C113-F66F-4CAE-8D82-04BC69E1D94B}
		{132EBDED-B5E7-4447-9B65-7F6084819D4C} = {C948D199-9EA4-460D-8849-D007188B810C}
		{ACE64F17-87E5-43E7-97A0-BDDE19059C61} = {132EBDED-B5E7-4447-9B65-7F6084819D4C}
		{8388CFCA-E3DB-43F7-B049-2CB195211CE8} = {132EBDED-B5E7-4447-9B65-7F6084819D4C}
		{281C71ED-C36D-408E-8BAA-75C381DC17E7} = {132EBDED-B5E7-4447-9B65-7F6084819D4C}
		{689CB6C4-3D23-45DA-8E00-87C28AEA32D0} = {132EBDED-B5E7-4447-9B65-7F6084819D4C}
		{326342E5-0411-40E8-9F2D-563D6B192568} = {132EBDED-B5E7-4447-9B65-7F6084819D4C}
		{63B8403E-BC56-43F9-A045-F61ECC3871F3} = {132EBDED-B5E7-4447-9B65-7F6084819D4C}
		{6CBDB659-8698-45F6-9679-B18B846C8502} = {C948D199-9EA4-460D-8849-D007188B810C}
		{9AE9E3EC-FE80-424E-8243-59ECE29E8FF5} = {1AF6C113-F66F-4CAE-8D82-04BC69E1D94B}
		{D1676E4A-16FE-46DF-A20C-704130A4A52C} = {1AF6C113-F66F-4CAE-8D82-04BC69E1D94B}
	EndGlobalSection
EndGlobal
